{
  "lockfile_version": "1",
  "packages": {
    "difftastic@0.52.0": {
      "last_modified": "2023-11-19T00:55:35Z",
      "resolved": "github:NixOS/nixpkgs/9ea24fc7e02b65c150c88e1412400b70087bd382#difftastic",
      "source": "devbox-search",
      "version": "0.52.0",
      "systems": {
        "aarch64-darwin": {
          "store_path": "/nix/store/4ibprgnmb3ad4hbmxbvq204100kbyh3g-difftastic-0.52.0"
        },
        "aarch64-linux": {
          "store_path": "/nix/store/h2w7jaab5sx20ax9fkvm2jc2c6bzp1q0-difftastic-0.52.0"
        },
        "x86_64-darwin": {
          "store_path": "/nix/store/vbnpn29fb826g5i0jl4id4vsjkp22gy8-difftastic-0.52.0"
        },
        "x86_64-linux": {
          "store_path": "/nix/store/vs1yqv0w2ffjk3vcd2kbdnqy6rzpc8aq-difftastic-0.52.0"
        }
      }
    },
    "gh@latest": {
      "last_modified": "2023-12-08T01:14:17Z",
      "resolved": "github:NixOS/nixpkgs/09dc04054ba2ff1f861357d0e7e76d021b273cd7#gh",
      "source": "devbox-search",
      "version": "2.40.0",
      "systems": {
        "aarch64-darwin": {
          "store_path": "/nix/store/mwcfggla69hc3n8gx75f1isl03z4x5cv-gh-2.40.0"
        },
        "aarch64-linux": {
          "store_path": "/nix/store/n5gmqm52mbv2gar78ka6f82c10l9kizq-gh-2.40.0"
        },
        "x86_64-darwin": {
          "store_path": "/nix/store/1my2kimm3w9kigzmcbl3ahw0z1lkhq30-gh-2.40.0"
        },
        "x86_64-linux": {
          "store_path": "/nix/store/hrhfrlh4piiyj2q88bxrwvfyn9msbhdx-gh-2.40.0"
        }
      }
    },
    "git-branchless@0.8.0": {
      "last_modified": "2023-11-17T14:14:56Z",
      "resolved": "github:NixOS/nixpkgs/a71323f68d4377d12c04a5410e214495ec598d4c#git-branchless",
      "source": "devbox-search",
      "version": "0.8.0",
      "systems": {
        "aarch64-darwin": {
          "store_path": "/nix/store/8p4i4rgd2prxahgrhgv0c8yp5v84xcq7-git-branchless-0.8.0"
        },
        "aarch64-linux": {
          "store_path": "/nix/store/5304w9sv4nnxkvkwaiz7b72s2z8m8b35-git-branchless-0.8.0"
        },
        "x86_64-darwin": {
          "store_path": "/nix/store/q0rfnyr42n53l1rvlh7wbwxxhk30dgfi-git-branchless-0.8.0"
        },
        "x86_64-linux": {
          "store_path": "/nix/store/15ymylk7cyhlhrmq2sjwdfpflxhznl3x-git-branchless-0.8.0"
        }
      }
    },
    "git@2.42.0": {
      "last_modified": "2023-11-17T14:14:56Z",
      "resolved": "github:NixOS/nixpkgs/a71323f68d4377d12c04a5410e214495ec598d4c#git",
      "source": "devbox-search",
      "version": "2.42.0",
      "systems": {
        "aarch64-darwin": {
          "store_path": "/nix/store/rxpifxzrsjb0xfjrkrg16vm1876scqvj-git-2.42.0"
        },
        "aarch64-linux": {
          "store_path": "/nix/store/iw3w7vwh9m2ypy8xpj45hq2p1i5phqbp-git-2.42.0"
        },
        "x86_64-darwin": {
          "store_path": "/nix/store/g1c8k2i2pcad5z10f1x9f1s2nv0nlxx9-git-2.42.0"
        },
        "x86_64-linux": {
          "store_path": "/nix/store/zcpq1fivdd131gshg58m4cyq7fwqr3j8-git-2.42.0"
        }
      }
    },
    "nodePackages.pnpm@8.10.2": {
      "last_modified": "2023-11-17T14:14:56Z",
      "resolved": "github:NixOS/nixpkgs/a71323f68d4377d12c04a5410e214495ec598d4c#nodePackages.pnpm",
      "source": "devbox-search",
      "version": "8.10.2",
      "systems": {
        "aarch64-linux": {
          "store_path": "/nix/store/4hhi4gqylxiiyw8kq1zii4s0xs7m6m51-pnpm-8.10.2"
        },
        "x86_64-linux": {
          "store_path": "/nix/store/dfld7gq52dvyb2gmxr2drfk0w9985q56-pnpm-8.10.2"
        }
      }
    },
    "nodejs@20.10.0": {
      "last_modified": "2023-11-24T11:02:37Z",
      "resolved": "github:NixOS/nixpkgs/068bacb9b6fbee6a603d1b1f68d7cf032c4feed1#nodejs_20",
      "source": "devbox-search",
      "version": "20.10.0",
      "systems": {
        "aarch64-darwin": {
          "store_path": "/nix/store/ya9wfsimhw3sjp7inn6kkn934i440kb8-nodejs-20.10.0"
        },
        "aarch64-linux": {
          "store_path": "/nix/store/ryc5g0vdg8d3mm0ssawj27lqn5x238ji-nodejs-20.10.0"
        },
        "x86_64-darwin": {
          "store_path": "/nix/store/f49j6rczz3adfh8n8fmh8zfxhyh17ljv-nodejs-20.10.0"
        },
        "x86_64-linux": {
          "store_path": "/nix/store/mih3j0yxng0xsad55787jqfbyi53rp0j-nodejs-20.10.0"
        }
      }
    }
  }
}
