{
  "lockfile_version": "1",
  "packages": {
    "difftastic@latest": {
      "last_modified": "2024-03-07T02:56:54Z",
      "resolved": "github:NixOS/nixpkgs/f945939fd679284d736112d3d5410eb867f3b31c#difftastic",
      "source": "devbox-search",
      "version": "0.56.1",
      "systems": {
        "aarch64-darwin": {
          "store_path": "/nix/store/a91016zhvrn5y200b8j762wyl22dmr5c-difftastic-0.56.1"
        },
        "aarch64-linux": {
          "store_path": "/nix/store/ajp5djalw31wnmggybi614jg56gxgn1a-difftastic-0.56.1"
        },
        "x86_64-darwin": {
          "store_path": "/nix/store/is6nm4ar3zcafblwzmaxdxhprr4v0r2l-difftastic-0.56.1"
        },
        "x86_64-linux": {
          "store_path": "/nix/store/7i7cvsmkpr5my3kmknysvnnzgfpl6vcz-difftastic-0.56.1"
        }
      }
    },
    "gh@latest": {
      "last_modified": "2024-03-06T17:57:40Z",
      "resolved": "github:NixOS/nixpkgs/58ae79ea707579c40102ddf62d84b902a987c58b#gh",
      "source": "devbox-search",
      "version": "2.45.0",
      "systems": {
        "aarch64-darwin": {
          "store_path": "/nix/store/n5hz2hmaxy8mr4qs91pvqwzbdza53bck-gh-2.45.0"
        },
        "aarch64-linux": {
          "store_path": "/nix/store/8321g2vjajybabcvl9kyjklknx7bl7qp-gh-2.45.0"
        },
        "x86_64-darwin": {
          "store_path": "/nix/store/7mbb381r18qa1lp9yhrakigypnvvcxd1-gh-2.45.0"
        },
        "x86_64-linux": {
          "store_path": "/nix/store/yrlmd02lfgzz3f5g2n3s8ink2f72y6j1-gh-2.45.0"
        }
      }
    },
    "git-branchless@latest": {
      "last_modified": "2024-02-24T23:06:34Z",
      "resolved": "github:NixOS/nixpkgs/9a9dae8f6319600fa9aebde37f340975cab4b8c0#git-branchless",
      "source": "devbox-search",
      "version": "0.8.0",
      "systems": {
        "aarch64-darwin": {
          "store_path": "/nix/store/1xqz08jvarg1qgnfb4k93vffj7mdyhpx-git-branchless-0.8.0"
        },
        "aarch64-linux": {
          "store_path": "/nix/store/padpl043i91dvplwjl409fkwp3bh2a9q-git-branchless-0.8.0"
        },
        "x86_64-darwin": {
          "store_path": "/nix/store/qk2sd3mq1rglaghy8mwsj20w6cy3k29y-git-branchless-0.8.0"
        },
        "x86_64-linux": {
          "store_path": "/nix/store/cwrxddlqq6w027mxy13hy8f7g2s8s59j-git-branchless-0.8.0"
        }
      }
    },
    "git@latest": {
      "last_modified": "2024-02-24T23:06:34Z",
      "resolved": "github:NixOS/nixpkgs/9a9dae8f6319600fa9aebde37f340975cab4b8c0#git",
      "source": "devbox-search",
      "version": "2.43.1",
      "systems": {
        "aarch64-darwin": {
          "store_path": "/nix/store/ycg59v1gfzmv8bnnrlpqhprnfn7y6v7b-git-2.43.1"
        },
        "aarch64-linux": {
          "store_path": "/nix/store/idq6ygdm30ka8f577qih3ysl7jjhbp7b-git-2.43.1"
        },
        "x86_64-darwin": {
          "store_path": "/nix/store/5pp0150mbgr2r6lg4x84l2d7hgk38f3d-git-2.43.1"
        },
        "x86_64-linux": {
          "store_path": "/nix/store/g6343av5x49smrfb16j61cif88xahjvz-git-2.43.1"
        }
      }
    },
    "nodePackages.pnpm@latest": {
      "last_modified": "2024-02-24T23:06:34Z",
      "resolved": "github:NixOS/nixpkgs/9a9dae8f6319600fa9aebde37f340975cab4b8c0#nodePackages.pnpm",
      "source": "devbox-search",
      "version": "8.15.3",
      "systems": {
        "aarch64-darwin": {
          "store_path": "/nix/store/5r4f8l7man6wafyzxd39pbndkw7hklh6-pnpm-8.15.3"
        },
        "aarch64-linux": {
          "store_path": "/nix/store/p6qla4nnfhfqj8gm7609bnynx1vfcfpb-pnpm-8.15.3"
        },
        "x86_64-darwin": {
          "store_path": "/nix/store/7zxfp8n1987076069vd6rqxvcd3hrv4n-pnpm-8.15.3"
        },
        "x86_64-linux": {
          "store_path": "/nix/store/jxyv7qildiy960h194h4ca3wharbbpks-pnpm-8.15.3"
        }
      }
    },
    "nodejs@20.11.1": {
      "last_modified": "2024-02-24T23:06:34Z",
      "resolved": "github:NixOS/nixpkgs/9a9dae8f6319600fa9aebde37f340975cab4b8c0#nodejs_20",
      "source": "devbox-search",
      "version": "20.11.1",
      "systems": {
        "aarch64-darwin": {
          "store_path": "/nix/store/xr7qgwzvymigkn4lhz8hzdky765m32r4-nodejs-20.11.1"
        },
        "aarch64-linux": {
          "store_path": "/nix/store/gdjc5gacmfpj6warfxhfkjj3i8vhaxq9-nodejs-20.11.1"
        },
        "x86_64-darwin": {
          "store_path": "/nix/store/c0bc4479fbsdmzam1b50yil1ixcaaz4s-nodejs-20.11.1"
        },
        "x86_64-linux": {
          "store_path": "/nix/store/vz13mi0w75q96sfjxz2ylnv8812hvf34-nodejs-20.11.1"
        }
      }
    }
  }
}
