{
  "lockfile_version": "1",
  "packages": {
    "github:NixOS/nixpkgs/nixpkgs-unstable": {
      "last_modified": "2025-11-23T21:50:36Z",
      "resolved": "github:NixOS/nixpkgs/ee09932cedcef15aaf476f9343d1dea2cb77e261?lastModified=1763934636&narHash=sha256-9glbI7f1uU%2ByzQCq5LwLgdZqx6svOhZWkd4JRY265fc%3D"
    },
    "nodejs@25.8.1": {
      "last_modified": "2026-03-12T22:11:02Z",
      "plugin_version": "0.0.2",
      "resolved": "github:NixOS/nixpkgs/24f4544180242cd80bb2492ce6907243bc716e08#nodejs_25",
      "source": "devbox-search",
      "version": "25.8.1",
      "systems": {
        "aarch64-darwin": {
          "outputs": [
            {
              "name": "out",
              "path": "/nix/store/9rryfcd5l2nc4hw9dwfw8bvvnkbj106c-nodejs-25.8.1",
              "default": true
            }
          ],
          "store_path": "/nix/store/9rryfcd5l2nc4hw9dwfw8bvvnkbj106c-nodejs-25.8.1"
        },
        "aarch64-linux": {
          "outputs": [
            {
              "name": "out",
              "path": "/nix/store/6707zhakn5wh0i1gyxva62pz1ygs9k2l-nodejs-25.8.1",
              "default": true
            }
          ],
          "store_path": "/nix/store/6707zhakn5wh0i1gyxva62pz1ygs9k2l-nodejs-25.8.1"
        },
        "x86_64-darwin": {
          "outputs": [
            {
              "name": "out",
              "path": "/nix/store/gcb4pwx3l7n7wgbfbjk988ih6f41wgx0-nodejs-25.8.1",
              "default": true
            }
          ],
          "store_path": "/nix/store/gcb4pwx3l7n7wgbfbjk988ih6f41wgx0-nodejs-25.8.1"
        },
        "x86_64-linux": {
          "outputs": [
            {
              "name": "out",
              "path": "/nix/store/43zji4rni42y01z3y2bv3f12c16h0ba6-nodejs-25.8.1",
              "default": true
            }
          ],
          "store_path": "/nix/store/43zji4rni42y01z3y2bv3f12c16h0ba6-nodejs-25.8.1"
        }
      }
    }
  }
}
