{
  "lockfile_version": "1",
  "packages": {
    "git@2.44.1": {
      "last_modified": "2024-05-22T06:18:38Z",
      "resolved": "github:NixOS/nixpkgs/3f316d2a50699a78afe5e77ca486ad553169061e#git",
      "source": "devbox-search",
      "version": "2.44.1",
      "systems": {
        "aarch64-darwin": {
          "outputs": [
            {
              "name": "out",
              "path": "/nix/store/1y3m89x5sl3bwag9lk4fdbqmswzjp9is-git-2.44.1",
              "default": true
            },
            {
              "name": "doc",
              "path": "/nix/store/hhwbgxadc1r7f2vf0f7mf4mlcy3xsxh9-git-2.44.1-doc"
            }
          ],
          "store_path": "/nix/store/1y3m89x5sl3bwag9lk4fdbqmswzjp9is-git-2.44.1"
        },
        "aarch64-linux": {
          "outputs": [
            {
              "name": "out",
              "path": "/nix/store/y6si9acv2p32jjyavs5arj8lwk7qq945-git-2.44.1",
              "default": true
            },
            {
              "name": "debug",
              "path": "/nix/store/vjgwf4vr6dqclvb503fqir13yiqp7bf6-git-2.44.1-debug"
            },
            {
              "name": "doc",
              "path": "/nix/store/1c5816l3n7dgbjkbf6fdlw0amq5rvazq-git-2.44.1-doc"
            }
          ],
          "store_path": "/nix/store/y6si9acv2p32jjyavs5arj8lwk7qq945-git-2.44.1"
        },
        "x86_64-darwin": {
          "outputs": [
            {
              "name": "out",
              "path": "/nix/store/rwkir7nma4hgyg8lydzjisbjgwr9a4xf-git-2.44.1",
              "default": true
            },
            {
              "name": "doc",
              "path": "/nix/store/y4l5l7k5syy0s3baznixgxbnmn8aiyxq-git-2.44.1-doc"
            }
          ],
          "store_path": "/nix/store/rwkir7nma4hgyg8lydzjisbjgwr9a4xf-git-2.44.1"
        },
        "x86_64-linux": {
          "outputs": [
            {
              "name": "out",
              "path": "/nix/store/jxjzgz1p0hdqsg8k17ivw5mgcd6ffx9c-git-2.44.1",
              "default": true
            },
            {
              "name": "debug",
              "path": "/nix/store/93xf345jmvrcz1wc3va981rp13rn4hyz-git-2.44.1-debug"
            },
            {
              "name": "doc",
              "path": "/nix/store/rvgnmd4cwvmy3v77ig977ix40d2mipri-git-2.44.1-doc"
            }
          ],
          "store_path": "/nix/store/jxjzgz1p0hdqsg8k17ivw5mgcd6ffx9c-git-2.44.1"
        }
      }
    },
    "github:NixOS/nixpkgs/nixpkgs-unstable": {
      "last_modified": "2026-03-18T13:30:56Z",
      "resolved": "github:NixOS/nixpkgs/9cf7092bdd603554bd8b63c216e8943cf9b12512?lastModified=1773840656&narHash=sha256-9tpvMGFteZnd3gRQZFlRCohVpqooygFuy9yjuyRL2C0%3D"
    },
    "mercurialFull@latest": {
      "last_modified": "2026-02-23T15:40:43Z",
      "resolved": "github:NixOS/nixpkgs/80d901ec0377e19ac3f7bb8c035201e2e098cc97#mercurialFull",
      "source": "devbox-search",
      "version": "7.1.2",
      "systems": {
        "aarch64-darwin": {
          "outputs": [
            {
              "name": "out",
              "path": "/nix/store/px3lxjrj1d4n1klp24dhqih98424w8a7-mercurial-full-7.1.2",
              "default": true
            }
          ],
          "store_path": "/nix/store/px3lxjrj1d4n1klp24dhqih98424w8a7-mercurial-full-7.1.2"
        },
        "aarch64-linux": {
          "outputs": [
            {
              "name": "out",
              "path": "/nix/store/1q6p5mkh69c6d5lnbdi6sv5frn2siwq4-mercurial-full-7.1.2",
              "default": true
            }
          ],
          "store_path": "/nix/store/1q6p5mkh69c6d5lnbdi6sv5frn2siwq4-mercurial-full-7.1.2"
        },
        "x86_64-darwin": {
          "outputs": [
            {
              "name": "out",
              "path": "/nix/store/cd5278vg737mc4lv06js42c6mdi6qbj4-mercurial-full-7.1.2",
              "default": true
            }
          ],
          "store_path": "/nix/store/cd5278vg737mc4lv06js42c6mdi6qbj4-mercurial-full-7.1.2"
        },
        "x86_64-linux": {
          "outputs": [
            {
              "name": "out",
              "path": "/nix/store/cy9jx423dyvhwb1f20azw6wxvzsm2ak2-mercurial-full-7.1.2",
              "default": true
            }
          ],
          "store_path": "/nix/store/cy9jx423dyvhwb1f20azw6wxvzsm2ak2-mercurial-full-7.1.2"
        }
      }
    },
    "nodejs@24.11.1": {
      "last_modified": "2025-12-17T01:17:14Z",
      "plugin_version": "0.0.2",
      "resolved": "github:NixOS/nixpkgs/af84f9d270d404c17699522fab95bbf928a2d92f#nodejs_24",
      "source": "devbox-search",
      "version": "24.11.1",
      "systems": {
        "aarch64-darwin": {
          "outputs": [
            {
              "name": "out",
              "path": "/nix/store/h57ln4r40qr349z1r8ri90n9i9xid3r5-nodejs-24.11.1",
              "default": true
            },
            {
              "name": "libv8",
              "path": "/nix/store/h4ad12n85c04b2c5c1a4r8r5qr4i1afn-nodejs-24.11.1-libv8"
            },
            {
              "name": "dev",
              "path": "/nix/store/akmrc34ry4wil7wq8ghxbh2dpvikschh-nodejs-24.11.1-dev"
            }
          ],
          "store_path": "/nix/store/h57ln4r40qr349z1r8ri90n9i9xid3r5-nodejs-24.11.1"
        },
        "aarch64-linux": {
          "outputs": [
            {
              "name": "out",
              "path": "/nix/store/r46dnkahacvrnavv5945aizq8b61kbwc-nodejs-24.11.1",
              "default": true
            },
            {
              "name": "libv8",
              "path": "/nix/store/7ihzshxrnl1xh935ff8va57aw1avwk5j-nodejs-24.11.1-libv8"
            },
            {
              "name": "dev",
              "path": "/nix/store/82gbs5sgm1gpggsalpdlnxjkvr7bnkcc-nodejs-24.11.1-dev"
            }
          ],
          "store_path": "/nix/store/r46dnkahacvrnavv5945aizq8b61kbwc-nodejs-24.11.1"
        },
        "x86_64-darwin": {
          "outputs": [
            {
              "name": "out",
              "path": "/nix/store/68d27bbipwcv99inwbs6fb7vxbgd4q6j-nodejs-24.11.1",
              "default": true
            },
            {
              "name": "dev",
              "path": "/nix/store/xj8y0v2v5ssdxbpz1bz9yivn109g3i4x-nodejs-24.11.1-dev"
            },
            {
              "name": "libv8",
              "path": "/nix/store/136306lidz9kx8dlka3l2sf1q9i6ilc3-nodejs-24.11.1-libv8"
            }
          ],
          "store_path": "/nix/store/68d27bbipwcv99inwbs6fb7vxbgd4q6j-nodejs-24.11.1"
        },
        "x86_64-linux": {
          "outputs": [
            {
              "name": "out",
              "path": "/nix/store/lgggxsrdzisnbligi7irlh4qmqczs0xk-nodejs-24.11.1",
              "default": true
            },
            {
              "name": "dev",
              "path": "/nix/store/qayyvn6vq1yx49lr30kkrpdl1jy99752-nodejs-24.11.1-dev"
            },
            {
              "name": "libv8",
              "path": "/nix/store/i9s2w9xib1fbqrc2qmmyz17frhpvkmsk-nodejs-24.11.1-libv8"
            }
          ],
          "store_path": "/nix/store/lgggxsrdzisnbligi7irlh4qmqczs0xk-nodejs-24.11.1"
        }
      }
    },
    "sapling@latest": {
      "last_modified": "2026-03-07T23:46:50Z",
      "resolved": "github:NixOS/nixpkgs/0e6cdd5be64608ef630c2e41f8d51d484468492f#sapling",
      "source": "devbox-search",
      "version": "0.2.20250521-115337+25ed6ac4",
      "systems": {
        "aarch64-darwin": {
          "outputs": [
            {
              "name": "out",
              "path": "/nix/store/1l0psp68hzj8d93y2633blf6czr7qdwv-sapling-0.2.20250521-115337+25ed6ac4",
              "default": true
            },
            {
              "name": "dist",
              "path": "/nix/store/zzjl6hw17mjavw412ccxkm65ffh2ql8w-sapling-0.2.20250521-115337+25ed6ac4-dist"
            }
          ],
          "store_path": "/nix/store/1l0psp68hzj8d93y2633blf6czr7qdwv-sapling-0.2.20250521-115337+25ed6ac4"
        },
        "aarch64-linux": {
          "outputs": [
            {
              "name": "out",
              "path": "/nix/store/yaq20958i5q206kaadkgldbnslq3iba7-sapling-0.2.20250521-115337+25ed6ac4",
              "default": true
            },
            {
              "name": "dist",
              "path": "/nix/store/w7d999gs3r8nnk2qb5i52vnx1craqrrg-sapling-0.2.20250521-115337+25ed6ac4-dist"
            }
          ],
          "store_path": "/nix/store/yaq20958i5q206kaadkgldbnslq3iba7-sapling-0.2.20250521-115337+25ed6ac4"
        },
        "x86_64-darwin": {
          "outputs": [
            {
              "name": "out",
              "path": "/nix/store/alqvh6xn412ymbqvg4xczb06y3ah283f-sapling-0.2.20250521-115337+25ed6ac4",
              "default": true
            },
            {
              "name": "dist",
              "path": "/nix/store/5krzhxczqryrx9dh9pz8qbfha3y1z0gf-sapling-0.2.20250521-115337+25ed6ac4-dist"
            }
          ],
          "store_path": "/nix/store/alqvh6xn412ymbqvg4xczb06y3ah283f-sapling-0.2.20250521-115337+25ed6ac4"
        },
        "x86_64-linux": {
          "outputs": [
            {
              "name": "out",
              "path": "/nix/store/5xzlkpvfhiq1bi2f2ymql8vkybcyhq7v-sapling-0.2.20250521-115337+25ed6ac4",
              "default": true
            },
            {
              "name": "dist",
              "path": "/nix/store/5jn8xdjjgfmwiwkm5qxi85hbfq0f9cc1-sapling-0.2.20250521-115337+25ed6ac4-dist"
            }
          ],
          "store_path": "/nix/store/5xzlkpvfhiq1bi2f2ymql8vkybcyhq7v-sapling-0.2.20250521-115337+25ed6ac4"
        }
      }
    },
    "subversion@latest": {
      "last_modified": "2026-02-23T15:40:43Z",
      "resolved": "github:NixOS/nixpkgs/80d901ec0377e19ac3f7bb8c035201e2e098cc97#subversion",
      "source": "devbox-search",
      "version": "1.14.5",
      "systems": {
        "aarch64-darwin": {
          "outputs": [
            {
              "name": "out",
              "path": "/nix/store/0w0vbc4d77lb4440l1ni3vy1gkwsdm0f-subversion-1.14.5",
              "default": true
            },
            {
              "name": "man",
              "path": "/nix/store/7j2aaqhps371qgha16455lapbrv7n9rf-subversion-1.14.5-man",
              "default": true
            },
            {
              "name": "dev",
              "path": "/nix/store/1z0rqh7ggqwlrjbkb1mamay44k22ww1i-subversion-1.14.5-dev"
            }
          ],
          "store_path": "/nix/store/0w0vbc4d77lb4440l1ni3vy1gkwsdm0f-subversion-1.14.5"
        },
        "aarch64-linux": {
          "outputs": [
            {
              "name": "out",
              "path": "/nix/store/q2ln0czi31bikdli1fgzz3rnnhdqsg78-subversion-1.14.5",
              "default": true
            },
            {
              "name": "man",
              "path": "/nix/store/yy1hlxnjgjcf3jrkid3j3cj3cailfrjv-subversion-1.14.5-man",
              "default": true
            },
            {
              "name": "dev",
              "path": "/nix/store/xqmkqfg4w7rp5fwbk082dinai4sbx2na-subversion-1.14.5-dev"
            }
          ],
          "store_path": "/nix/store/q2ln0czi31bikdli1fgzz3rnnhdqsg78-subversion-1.14.5"
        },
        "x86_64-darwin": {
          "outputs": [
            {
              "name": "out",
              "path": "/nix/store/z1vgzhhvml4mm9mx0qkqbkz4h9y0q008-subversion-1.14.5",
              "default": true
            },
            {
              "name": "man",
              "path": "/nix/store/anrw0r3y28a3s6kyjzgm5zcpdfjj73zw-subversion-1.14.5-man",
              "default": true
            },
            {
              "name": "dev",
              "path": "/nix/store/x2j0rivwmrh6dnk36qi9fyh9kgs18imv-subversion-1.14.5-dev"
            }
          ],
          "store_path": "/nix/store/z1vgzhhvml4mm9mx0qkqbkz4h9y0q008-subversion-1.14.5"
        },
        "x86_64-linux": {
          "outputs": [
            {
              "name": "out",
              "path": "/nix/store/p16rg8ybrpz9ndczkf6sl5bq7a4gi8pf-subversion-1.14.5",
              "default": true
            },
            {
              "name": "man",
              "path": "/nix/store/ib331qskjb67579kq6s0iqyc6798hdzw-subversion-1.14.5-man",
              "default": true
            },
            {
              "name": "dev",
              "path": "/nix/store/45nb36kfmfw91014nd8alds94mvi2cij-subversion-1.14.5-dev"
            }
          ],
          "store_path": "/nix/store/p16rg8ybrpz9ndczkf6sl5bq7a4gi8pf-subversion-1.14.5"
        }
      }
    }
  }
}
