{
  "lockfile_version": "1",
  "packages": {
    "git@latest": {
      "last_modified": "2026-03-02T11:03:52Z",
      "resolved": "github:NixOS/nixpkgs/dc7513872406b53d2ff417a003895d6daffdff2f#git",
      "source": "devbox-search",
      "version": "2.53.0",
      "systems": {
        "aarch64-darwin": {
          "outputs": [
            {
              "name": "out",
              "path": "/nix/store/rfbzyqcygzpyh5ncb79n07x8bhws2pq3-git-2.53.0",
              "default": true
            },
            {
              "name": "doc",
              "path": "/nix/store/lgbyzfz2j1j7g47331i5684765akl38m-git-2.53.0-doc"
            }
          ],
          "store_path": "/nix/store/rfbzyqcygzpyh5ncb79n07x8bhws2pq3-git-2.53.0"
        },
        "aarch64-linux": {
          "outputs": [
            {
              "name": "out",
              "path": "/nix/store/xz8bzpl5fz92bkhcdmf4g45znvvzcakd-git-2.53.0",
              "default": true
            },
            {
              "name": "debug",
              "path": "/nix/store/xr7sgggqixdji66nhax03lwmk25ms7af-git-2.53.0-debug"
            },
            {
              "name": "doc",
              "path": "/nix/store/lspm2ph3iad5y9irmh2wms6bm3nhhy76-git-2.53.0-doc"
            }
          ],
          "store_path": "/nix/store/xz8bzpl5fz92bkhcdmf4g45znvvzcakd-git-2.53.0"
        },
        "x86_64-darwin": {
          "outputs": [
            {
              "name": "out",
              "path": "/nix/store/bmddbpv896f9rgnm0835434qjiqh1psc-git-2.53.0",
              "default": true
            },
            {
              "name": "doc",
              "path": "/nix/store/0wx1wdjy7imyv7cp6p6m2l17ycq7n3q4-git-2.53.0-doc"
            }
          ],
          "store_path": "/nix/store/bmddbpv896f9rgnm0835434qjiqh1psc-git-2.53.0"
        },
        "x86_64-linux": {
          "outputs": [
            {
              "name": "out",
              "path": "/nix/store/8x49w8i0vafv34rlc6h4a0f7z0z2qpb5-git-2.53.0",
              "default": true
            },
            {
              "name": "debug",
              "path": "/nix/store/i9fi7yqx2z2dryn80w5pr4b1v4nmyida-git-2.53.0-debug"
            },
            {
              "name": "doc",
              "path": "/nix/store/frqc9w8q0dxsg7b8w3j0cv1lb9bd6xww-git-2.53.0-doc"
            }
          ],
          "store_path": "/nix/store/8x49w8i0vafv34rlc6h4a0f7z0z2qpb5-git-2.53.0"
        }
      }
    },
    "github:NixOS/nixpkgs/nixpkgs-unstable": {
      "last_modified": "2026-03-18T13:30:56Z",
      "resolved": "github:NixOS/nixpkgs/9cf7092bdd603554bd8b63c216e8943cf9b12512?lastModified=1773840656&narHash=sha256-9tpvMGFteZnd3gRQZFlRCohVpqooygFuy9yjuyRL2C0%3D"
    },
    "mercurialFull@latest": {
      "last_modified": "2026-02-23T15:40:43Z",
      "resolved": "github:NixOS/nixpkgs/80d901ec0377e19ac3f7bb8c035201e2e098cc97#mercurialFull",
      "source": "devbox-search",
      "version": "7.1.2",
      "systems": {
        "aarch64-darwin": {
          "outputs": [
            {
              "name": "out",
              "path": "/nix/store/px3lxjrj1d4n1klp24dhqih98424w8a7-mercurial-full-7.1.2",
              "default": true
            }
          ],
          "store_path": "/nix/store/px3lxjrj1d4n1klp24dhqih98424w8a7-mercurial-full-7.1.2"
        },
        "aarch64-linux": {
          "outputs": [
            {
              "name": "out",
              "path": "/nix/store/1q6p5mkh69c6d5lnbdi6sv5frn2siwq4-mercurial-full-7.1.2",
              "default": true
            }
          ],
          "store_path": "/nix/store/1q6p5mkh69c6d5lnbdi6sv5frn2siwq4-mercurial-full-7.1.2"
        },
        "x86_64-darwin": {
          "outputs": [
            {
              "name": "out",
              "path": "/nix/store/cd5278vg737mc4lv06js42c6mdi6qbj4-mercurial-full-7.1.2",
              "default": true
            }
          ],
          "store_path": "/nix/store/cd5278vg737mc4lv06js42c6mdi6qbj4-mercurial-full-7.1.2"
        },
        "x86_64-linux": {
          "outputs": [
            {
              "name": "out",
              "path": "/nix/store/cy9jx423dyvhwb1f20azw6wxvzsm2ak2-mercurial-full-7.1.2",
              "default": true
            }
          ],
          "store_path": "/nix/store/cy9jx423dyvhwb1f20azw6wxvzsm2ak2-mercurial-full-7.1.2"
        }
      }
    },
    "nodejs@25.8.1": {
      "last_modified": "2026-03-12T22:11:02Z",
      "plugin_version": "0.0.2",
      "resolved": "github:NixOS/nixpkgs/24f4544180242cd80bb2492ce6907243bc716e08#nodejs_25",
      "source": "devbox-search",
      "version": "25.8.1",
      "systems": {
        "aarch64-darwin": {
          "outputs": [
            {
              "name": "out",
              "path": "/nix/store/9rryfcd5l2nc4hw9dwfw8bvvnkbj106c-nodejs-25.8.1",
              "default": true
            }
          ],
          "store_path": "/nix/store/9rryfcd5l2nc4hw9dwfw8bvvnkbj106c-nodejs-25.8.1"
        },
        "aarch64-linux": {
          "outputs": [
            {
              "name": "out",
              "path": "/nix/store/6707zhakn5wh0i1gyxva62pz1ygs9k2l-nodejs-25.8.1",
              "default": true
            }
          ],
          "store_path": "/nix/store/6707zhakn5wh0i1gyxva62pz1ygs9k2l-nodejs-25.8.1"
        },
        "x86_64-darwin": {
          "outputs": [
            {
              "name": "out",
              "path": "/nix/store/gcb4pwx3l7n7wgbfbjk988ih6f41wgx0-nodejs-25.8.1",
              "default": true
            }
          ],
          "store_path": "/nix/store/gcb4pwx3l7n7wgbfbjk988ih6f41wgx0-nodejs-25.8.1"
        },
        "x86_64-linux": {
          "outputs": [
            {
              "name": "out",
              "path": "/nix/store/43zji4rni42y01z3y2bv3f12c16h0ba6-nodejs-25.8.1",
              "default": true
            }
          ],
          "store_path": "/nix/store/43zji4rni42y01z3y2bv3f12c16h0ba6-nodejs-25.8.1"
        }
      }
    },
    "sapling@latest": {
      "last_modified": "2026-03-07T23:46:50Z",
      "resolved": "github:NixOS/nixpkgs/0e6cdd5be64608ef630c2e41f8d51d484468492f#sapling",
      "source": "devbox-search",
      "version": "0.2.20250521-115337+25ed6ac4",
      "systems": {
        "aarch64-darwin": {
          "outputs": [
            {
              "name": "out",
              "path": "/nix/store/1l0psp68hzj8d93y2633blf6czr7qdwv-sapling-0.2.20250521-115337+25ed6ac4",
              "default": true
            },
            {
              "name": "dist",
              "path": "/nix/store/zzjl6hw17mjavw412ccxkm65ffh2ql8w-sapling-0.2.20250521-115337+25ed6ac4-dist"
            }
          ],
          "store_path": "/nix/store/1l0psp68hzj8d93y2633blf6czr7qdwv-sapling-0.2.20250521-115337+25ed6ac4"
        },
        "aarch64-linux": {
          "outputs": [
            {
              "name": "out",
              "path": "/nix/store/yaq20958i5q206kaadkgldbnslq3iba7-sapling-0.2.20250521-115337+25ed6ac4",
              "default": true
            },
            {
              "name": "dist",
              "path": "/nix/store/w7d999gs3r8nnk2qb5i52vnx1craqrrg-sapling-0.2.20250521-115337+25ed6ac4-dist"
            }
          ],
          "store_path": "/nix/store/yaq20958i5q206kaadkgldbnslq3iba7-sapling-0.2.20250521-115337+25ed6ac4"
        },
        "x86_64-darwin": {
          "outputs": [
            {
              "name": "out",
              "path": "/nix/store/alqvh6xn412ymbqvg4xczb06y3ah283f-sapling-0.2.20250521-115337+25ed6ac4",
              "default": true
            },
            {
              "name": "dist",
              "path": "/nix/store/5krzhxczqryrx9dh9pz8qbfha3y1z0gf-sapling-0.2.20250521-115337+25ed6ac4-dist"
            }
          ],
          "store_path": "/nix/store/alqvh6xn412ymbqvg4xczb06y3ah283f-sapling-0.2.20250521-115337+25ed6ac4"
        },
        "x86_64-linux": {
          "outputs": [
            {
              "name": "out",
              "path": "/nix/store/5xzlkpvfhiq1bi2f2ymql8vkybcyhq7v-sapling-0.2.20250521-115337+25ed6ac4",
              "default": true
            },
            {
              "name": "dist",
              "path": "/nix/store/5jn8xdjjgfmwiwkm5qxi85hbfq0f9cc1-sapling-0.2.20250521-115337+25ed6ac4-dist"
            }
          ],
          "store_path": "/nix/store/5xzlkpvfhiq1bi2f2ymql8vkybcyhq7v-sapling-0.2.20250521-115337+25ed6ac4"
        }
      }
    },
    "subversion@latest": {
      "last_modified": "2026-02-23T15:40:43Z",
      "resolved": "github:NixOS/nixpkgs/80d901ec0377e19ac3f7bb8c035201e2e098cc97#subversion",
      "source": "devbox-search",
      "version": "1.14.5",
      "systems": {
        "aarch64-darwin": {
          "outputs": [
            {
              "name": "out",
              "path": "/nix/store/0w0vbc4d77lb4440l1ni3vy1gkwsdm0f-subversion-1.14.5",
              "default": true
            },
            {
              "name": "man",
              "path": "/nix/store/7j2aaqhps371qgha16455lapbrv7n9rf-subversion-1.14.5-man",
              "default": true
            },
            {
              "name": "dev",
              "path": "/nix/store/1z0rqh7ggqwlrjbkb1mamay44k22ww1i-subversion-1.14.5-dev"
            }
          ],
          "store_path": "/nix/store/0w0vbc4d77lb4440l1ni3vy1gkwsdm0f-subversion-1.14.5"
        },
        "aarch64-linux": {
          "outputs": [
            {
              "name": "out",
              "path": "/nix/store/q2ln0czi31bikdli1fgzz3rnnhdqsg78-subversion-1.14.5",
              "default": true
            },
            {
              "name": "man",
              "path": "/nix/store/yy1hlxnjgjcf3jrkid3j3cj3cailfrjv-subversion-1.14.5-man",
              "default": true
            },
            {
              "name": "dev",
              "path": "/nix/store/xqmkqfg4w7rp5fwbk082dinai4sbx2na-subversion-1.14.5-dev"
            }
          ],
          "store_path": "/nix/store/q2ln0czi31bikdli1fgzz3rnnhdqsg78-subversion-1.14.5"
        },
        "x86_64-darwin": {
          "outputs": [
            {
              "name": "out",
              "path": "/nix/store/z1vgzhhvml4mm9mx0qkqbkz4h9y0q008-subversion-1.14.5",
              "default": true
            },
            {
              "name": "man",
              "path": "/nix/store/anrw0r3y28a3s6kyjzgm5zcpdfjj73zw-subversion-1.14.5-man",
              "default": true
            },
            {
              "name": "dev",
              "path": "/nix/store/x2j0rivwmrh6dnk36qi9fyh9kgs18imv-subversion-1.14.5-dev"
            }
          ],
          "store_path": "/nix/store/z1vgzhhvml4mm9mx0qkqbkz4h9y0q008-subversion-1.14.5"
        },
        "x86_64-linux": {
          "outputs": [
            {
              "name": "out",
              "path": "/nix/store/p16rg8ybrpz9ndczkf6sl5bq7a4gi8pf-subversion-1.14.5",
              "default": true
            },
            {
              "name": "man",
              "path": "/nix/store/ib331qskjb67579kq6s0iqyc6798hdzw-subversion-1.14.5-man",
              "default": true
            },
            {
              "name": "dev",
              "path": "/nix/store/45nb36kfmfw91014nd8alds94mvi2cij-subversion-1.14.5-dev"
            }
          ],
          "store_path": "/nix/store/p16rg8ybrpz9ndczkf6sl5bq7a4gi8pf-subversion-1.14.5"
        }
      }
    }
  }
}
