{
  "lockfile_version": "1",
  "packages": {
    "difftastic@latest": {
      "last_modified": "2025-11-17T10:23:24Z",
      "resolved": "github:NixOS/nixpkgs/8b6600824693a9c706ef09bd86711ca393703466#difftastic",
      "source": "devbox-search",
      "version": "0.67.0",
      "systems": {
        "aarch64-darwin": {
          "outputs": [
            {
              "name": "out",
              "path": "/nix/store/0rbwby2x89nbakdbwna529kg846ljmj1-difftastic-0.67.0",
              "default": true
            }
          ],
          "store_path": "/nix/store/0rbwby2x89nbakdbwna529kg846ljmj1-difftastic-0.67.0"
        },
        "aarch64-linux": {
          "outputs": [
            {
              "name": "out",
              "path": "/nix/store/yp75xylpmp00d229wqlc6y18shk6vz90-difftastic-0.67.0",
              "default": true
            }
          ],
          "store_path": "/nix/store/yp75xylpmp00d229wqlc6y18shk6vz90-difftastic-0.67.0"
        },
        "x86_64-darwin": {
          "outputs": [
            {
              "name": "out",
              "path": "/nix/store/mfzaabw1hrsa9g7a0pa0ijvcs5gm0as2-difftastic-0.67.0",
              "default": true
            }
          ],
          "store_path": "/nix/store/mfzaabw1hrsa9g7a0pa0ijvcs5gm0as2-difftastic-0.67.0"
        },
        "x86_64-linux": {
          "outputs": [
            {
              "name": "out",
              "path": "/nix/store/2dvn2hknnb37yxmay68i4sckkcf6x501-difftastic-0.67.0",
              "default": true
            }
          ],
          "store_path": "/nix/store/2dvn2hknnb37yxmay68i4sckkcf6x501-difftastic-0.67.0"
        }
      }
    },
    "git@2.44.1": {
      "last_modified": "2024-05-22T06:18:38Z",
      "resolved": "github:NixOS/nixpkgs/3f316d2a50699a78afe5e77ca486ad553169061e#git",
      "source": "devbox-search",
      "version": "2.44.1",
      "systems": {
        "aarch64-darwin": {
          "outputs": [
            {
              "name": "out",
              "path": "/nix/store/1y3m89x5sl3bwag9lk4fdbqmswzjp9is-git-2.44.1",
              "default": true
            },
            {
              "name": "doc",
              "path": "/nix/store/hhwbgxadc1r7f2vf0f7mf4mlcy3xsxh9-git-2.44.1-doc"
            }
          ],
          "store_path": "/nix/store/1y3m89x5sl3bwag9lk4fdbqmswzjp9is-git-2.44.1"
        },
        "aarch64-linux": {
          "outputs": [
            {
              "name": "out",
              "path": "/nix/store/y6si9acv2p32jjyavs5arj8lwk7qq945-git-2.44.1",
              "default": true
            },
            {
              "name": "debug",
              "path": "/nix/store/vjgwf4vr6dqclvb503fqir13yiqp7bf6-git-2.44.1-debug"
            },
            {
              "name": "doc",
              "path": "/nix/store/1c5816l3n7dgbjkbf6fdlw0amq5rvazq-git-2.44.1-doc"
            }
          ],
          "store_path": "/nix/store/y6si9acv2p32jjyavs5arj8lwk7qq945-git-2.44.1"
        },
        "x86_64-darwin": {
          "outputs": [
            {
              "name": "out",
              "path": "/nix/store/rwkir7nma4hgyg8lydzjisbjgwr9a4xf-git-2.44.1",
              "default": true
            },
            {
              "name": "doc",
              "path": "/nix/store/y4l5l7k5syy0s3baznixgxbnmn8aiyxq-git-2.44.1-doc"
            }
          ],
          "store_path": "/nix/store/rwkir7nma4hgyg8lydzjisbjgwr9a4xf-git-2.44.1"
        },
        "x86_64-linux": {
          "outputs": [
            {
              "name": "out",
              "path": "/nix/store/jxjzgz1p0hdqsg8k17ivw5mgcd6ffx9c-git-2.44.1",
              "default": true
            },
            {
              "name": "debug",
              "path": "/nix/store/93xf345jmvrcz1wc3va981rp13rn4hyz-git-2.44.1-debug"
            },
            {
              "name": "doc",
              "path": "/nix/store/rvgnmd4cwvmy3v77ig977ix40d2mipri-git-2.44.1-doc"
            }
          ],
          "store_path": "/nix/store/jxjzgz1p0hdqsg8k17ivw5mgcd6ffx9c-git-2.44.1"
        }
      }
    },
    "github:NixOS/nixpkgs/nixpkgs-unstable": {
      "last_modified": "2025-11-23T21:50:36Z",
      "resolved": "github:NixOS/nixpkgs/ee09932cedcef15aaf476f9343d1dea2cb77e261?lastModified=1763934636&narHash=sha256-9glbI7f1uU%2ByzQCq5LwLgdZqx6svOhZWkd4JRY265fc%3D"
    },
    "graphite-cli@latest": {
      "last_modified": "2025-11-15T07:28:48Z",
      "resolved": "github:NixOS/nixpkgs/1d4c88323ac36805d09657d13a5273aea1b34f0c#graphite-cli",
      "source": "devbox-search",
      "version": "1.7.2",
      "systems": {
        "aarch64-darwin": {
          "outputs": [
            {
              "name": "out",
              "path": "/nix/store/7qicmk2jpf7xdk08dkbji9c42kpsb5yk-graphite-cli-1.7.2",
              "default": true
            }
          ],
          "store_path": "/nix/store/7qicmk2jpf7xdk08dkbji9c42kpsb5yk-graphite-cli-1.7.2"
        },
        "aarch64-linux": {
          "outputs": [
            {
              "name": "out",
              "path": "/nix/store/4c7jy830ajynvxhbmzvpwsxgvhchbj51-graphite-cli-1.7.2",
              "default": true
            }
          ],
          "store_path": "/nix/store/4c7jy830ajynvxhbmzvpwsxgvhchbj51-graphite-cli-1.7.2"
        },
        "x86_64-darwin": {
          "outputs": [
            {
              "name": "out",
              "path": "/nix/store/6qczif08xc04bw0r7bwc0m9n2yz4jg7s-graphite-cli-1.7.2",
              "default": true
            }
          ],
          "store_path": "/nix/store/6qczif08xc04bw0r7bwc0m9n2yz4jg7s-graphite-cli-1.7.2"
        },
        "x86_64-linux": {
          "outputs": [
            {
              "name": "out",
              "path": "/nix/store/z7q5bj9l4173vli1vxw82ljzp475ivpz-graphite-cli-1.7.2",
              "default": true
            }
          ],
          "store_path": "/nix/store/z7q5bj9l4173vli1vxw82ljzp475ivpz-graphite-cli-1.7.2"
        }
      }
    },
    "mercurialFull@latest": {
      "last_modified": "2025-11-17T10:23:24Z",
      "resolved": "github:NixOS/nixpkgs/8b6600824693a9c706ef09bd86711ca393703466#mercurialFull",
      "source": "devbox-search",
      "version": "7.1",
      "systems": {
        "aarch64-darwin": {
          "outputs": [
            {
              "name": "out",
              "path": "/nix/store/6dbbzl9qbh32scrr889r0llrcyqzsys5-mercurial-full-7.1",
              "default": true
            }
          ],
          "store_path": "/nix/store/6dbbzl9qbh32scrr889r0llrcyqzsys5-mercurial-full-7.1"
        },
        "aarch64-linux": {
          "outputs": [
            {
              "name": "out",
              "path": "/nix/store/vvsa9sh4h2bzw7d7d2wdz3z7x4sr38ag-mercurial-full-7.1",
              "default": true
            }
          ],
          "store_path": "/nix/store/vvsa9sh4h2bzw7d7d2wdz3z7x4sr38ag-mercurial-full-7.1"
        },
        "x86_64-darwin": {
          "outputs": [
            {
              "name": "out",
              "path": "/nix/store/szflgyvklcwj9jyvp92mh397yid0f0cq-mercurial-full-7.1",
              "default": true
            }
          ],
          "store_path": "/nix/store/szflgyvklcwj9jyvp92mh397yid0f0cq-mercurial-full-7.1"
        },
        "x86_64-linux": {
          "outputs": [
            {
              "name": "out",
              "path": "/nix/store/xwz1sqrbhrw6rnkjhnb9wwf1aac0ni85-mercurial-full-7.1",
              "default": true
            }
          ],
          "store_path": "/nix/store/xwz1sqrbhrw6rnkjhnb9wwf1aac0ni85-mercurial-full-7.1"
        }
      }
    },
    "nodejs@24.11.1": {
      "last_modified": "2025-11-18T03:14:24Z",
      "plugin_version": "0.0.2",
      "resolved": "github:NixOS/nixpkgs/0ade817efdde79cbc46b624c849027335ebc25c5#nodejs_24",
      "source": "devbox-search",
      "version": "24.11.1",
      "systems": {
        "aarch64-darwin": {
          "outputs": [
            {
              "name": "out",
              "path": "/nix/store/smlydln7rhjla1m6bm7sikqpb2zzrndm-nodejs-24.11.1",
              "default": true
            },
            {
              "name": "dev",
              "path": "/nix/store/kpgr84rv1fzc0lw6w7ip9l84a69w4p67-nodejs-24.11.1-dev"
            },
            {
              "name": "libv8",
              "path": "/nix/store/ly41f5b88x6kg0v033i13ys4zx04zs4x-nodejs-24.11.1-libv8"
            }
          ],
          "store_path": "/nix/store/smlydln7rhjla1m6bm7sikqpb2zzrndm-nodejs-24.11.1"
        },
        "aarch64-linux": {
          "outputs": [
            {
              "name": "out",
              "path": "/nix/store/33f60ljv7511fpiwz0g8q35vvzwjrbs1-nodejs-24.11.1",
              "default": true
            },
            {
              "name": "libv8",
              "path": "/nix/store/pw1hasfs8whl1iw24dsiwy46c7k04557-nodejs-24.11.1-libv8"
            },
            {
              "name": "dev",
              "path": "/nix/store/ygbsbi27120308bp2qgq3qjcfp8xj0xv-nodejs-24.11.1-dev"
            }
          ],
          "store_path": "/nix/store/33f60ljv7511fpiwz0g8q35vvzwjrbs1-nodejs-24.11.1"
        },
        "x86_64-darwin": {
          "outputs": [
            {
              "name": "out",
              "path": "/nix/store/i6rfha93a4a68g4qrkswlmf7pjbdp4mf-nodejs-24.11.1",
              "default": true
            },
            {
              "name": "libv8",
              "path": "/nix/store/rsf30lc4bw2qdsi5cdplm48bwnh2dfr3-nodejs-24.11.1-libv8"
            },
            {
              "name": "dev",
              "path": "/nix/store/x35q5gf3i49034l541b4h44xhhhni2xf-nodejs-24.11.1-dev"
            }
          ],
          "store_path": "/nix/store/i6rfha93a4a68g4qrkswlmf7pjbdp4mf-nodejs-24.11.1"
        },
        "x86_64-linux": {
          "outputs": [
            {
              "name": "out",
              "path": "/nix/store/plpk1lnwvinl18hwk363112r63g74iff-nodejs-24.11.1",
              "default": true
            },
            {
              "name": "dev",
              "path": "/nix/store/0vb8nk8jfnqnhgswybmd1ksf9ajq8hfw-nodejs-24.11.1-dev"
            },
            {
              "name": "libv8",
              "path": "/nix/store/0v3rsmcla79h0igpkjvgaz87xd1a5x3p-nodejs-24.11.1-libv8"
            }
          ],
          "store_path": "/nix/store/plpk1lnwvinl18hwk363112r63g74iff-nodejs-24.11.1"
        }
      }
    },
    "sapling@latest": {
      "last_modified": "2025-11-15T07:28:48Z",
      "resolved": "github:NixOS/nixpkgs/1d4c88323ac36805d09657d13a5273aea1b34f0c#sapling",
      "source": "devbox-search",
      "version": "0.2.20240718-145624+f4e9df48",
      "systems": {
        "aarch64-darwin": {
          "outputs": [
            {
              "name": "out",
              "path": "/nix/store/nn38768scacbb560l8pcqfcdlqsjgp7v-sapling-0.2.20240718-145624+f4e9df48",
              "default": true
            },
            {
              "name": "dist",
              "path": "/nix/store/iz9x69zb9qmvvzlcv4p6k0chqyg797cb-sapling-0.2.20240718-145624+f4e9df48-dist"
            }
          ],
          "store_path": "/nix/store/nn38768scacbb560l8pcqfcdlqsjgp7v-sapling-0.2.20240718-145624+f4e9df48"
        },
        "aarch64-linux": {
          "outputs": [
            {
              "name": "out",
              "path": "/nix/store/yyrk1dp8avsc6yc0cliapw7imc9a35gf-sapling-0.2.20240718-145624+f4e9df48",
              "default": true
            },
            {
              "name": "dist",
              "path": "/nix/store/ag31msk5wnym8wkyfz2m6fgl8gscrd3v-sapling-0.2.20240718-145624+f4e9df48-dist"
            }
          ],
          "store_path": "/nix/store/yyrk1dp8avsc6yc0cliapw7imc9a35gf-sapling-0.2.20240718-145624+f4e9df48"
        },
        "x86_64-darwin": {
          "outputs": [
            {
              "name": "out",
              "path": "/nix/store/bjals40wiaxny0lipc4r5mlh8ayg3knz-sapling-0.2.20240718-145624+f4e9df48",
              "default": true
            },
            {
              "name": "dist",
              "path": "/nix/store/fjaqgsj2gr0rwfrsjh463kb8az0vi94v-sapling-0.2.20240718-145624+f4e9df48-dist"
            }
          ],
          "store_path": "/nix/store/bjals40wiaxny0lipc4r5mlh8ayg3knz-sapling-0.2.20240718-145624+f4e9df48"
        },
        "x86_64-linux": {
          "outputs": [
            {
              "name": "out",
              "path": "/nix/store/qlp09fcf2nh3r958b4a5g6g24mmhyw9a-sapling-0.2.20240718-145624+f4e9df48",
              "default": true
            },
            {
              "name": "dist",
              "path": "/nix/store/c0ig868akfqwgslb7s3pvjjvra7rp4r9-sapling-0.2.20240718-145624+f4e9df48-dist"
            }
          ],
          "store_path": "/nix/store/qlp09fcf2nh3r958b4a5g6g24mmhyw9a-sapling-0.2.20240718-145624+f4e9df48"
        }
      }
    },
    "subversion@latest": {
      "last_modified": "2025-11-15T07:28:48Z",
      "resolved": "github:NixOS/nixpkgs/1d4c88323ac36805d09657d13a5273aea1b34f0c#subversion",
      "source": "devbox-search",
      "version": "1.14.5",
      "systems": {
        "aarch64-darwin": {
          "outputs": [
            {
              "name": "out",
              "path": "/nix/store/rlwcm9h2c19y5gindk33y1ni36qry9bm-subversion-1.14.5",
              "default": true
            },
            {
              "name": "man",
              "path": "/nix/store/bb5nr2n7jjyy72sbrzs7v1dhyjcn9344-subversion-1.14.5-man",
              "default": true
            },
            {
              "name": "dev",
              "path": "/nix/store/7451vwnfadm2b7n5bpzvww3nvc8bygiv-subversion-1.14.5-dev"
            }
          ],
          "store_path": "/nix/store/rlwcm9h2c19y5gindk33y1ni36qry9bm-subversion-1.14.5"
        },
        "aarch64-linux": {
          "outputs": [
            {
              "name": "out",
              "path": "/nix/store/i068dl77j4gsxp1m4pxyj4hz3fy8psq7-subversion-1.14.5",
              "default": true
            },
            {
              "name": "man",
              "path": "/nix/store/zswxsh9cidj1hfxq7s2mx93k3jjpscbg-subversion-1.14.5-man",
              "default": true
            },
            {
              "name": "dev",
              "path": "/nix/store/766730ckawjbqrlvzq0gz6nrhzp3d36a-subversion-1.14.5-dev"
            }
          ],
          "store_path": "/nix/store/i068dl77j4gsxp1m4pxyj4hz3fy8psq7-subversion-1.14.5"
        },
        "x86_64-darwin": {
          "outputs": [
            {
              "name": "out",
              "path": "/nix/store/l4l5qbicasjx550j5psww17rb49a226i-subversion-1.14.5",
              "default": true
            },
            {
              "name": "man",
              "path": "/nix/store/qxs03iah8r6i2xgh2jls3marf6s7d4lh-subversion-1.14.5-man",
              "default": true
            },
            {
              "name": "dev",
              "path": "/nix/store/6w384183sbzr62wnk4kc63hci3lgs83n-subversion-1.14.5-dev"
            }
          ],
          "store_path": "/nix/store/l4l5qbicasjx550j5psww17rb49a226i-subversion-1.14.5"
        },
        "x86_64-linux": {
          "outputs": [
            {
              "name": "out",
              "path": "/nix/store/12qvv16nza5yr3d40rlh4afwzzsgir4r-subversion-1.14.5",
              "default": true
            },
            {
              "name": "man",
              "path": "/nix/store/8ksl1pilbcnvd8vdff1gqz6frxv99jg1-subversion-1.14.5-man",
              "default": true
            },
            {
              "name": "dev",
              "path": "/nix/store/cgqdfd0nly3a958w0vksqksscjnknisb-subversion-1.14.5-dev"
            }
          ],
          "store_path": "/nix/store/12qvv16nza5yr3d40rlh4afwzzsgir4r-subversion-1.14.5"
        }
      }
    },
    "tree@latest": {
      "last_modified": "2025-11-15T07:28:48Z",
      "resolved": "github:NixOS/nixpkgs/1d4c88323ac36805d09657d13a5273aea1b34f0c#tree",
      "source": "devbox-search",
      "version": "2.2.1",
      "systems": {
        "aarch64-darwin": {
          "outputs": [
            {
              "name": "out",
              "path": "/nix/store/knli7q6rzli80ffdxs0vsg43f2mnjd96-tree-2.2.1",
              "default": true
            }
          ],
          "store_path": "/nix/store/knli7q6rzli80ffdxs0vsg43f2mnjd96-tree-2.2.1"
        },
        "aarch64-linux": {
          "outputs": [
            {
              "name": "out",
              "path": "/nix/store/6ar87l3hqrc8a5kdhchf89a2ann38nfq-tree-2.2.1",
              "default": true
            }
          ],
          "store_path": "/nix/store/6ar87l3hqrc8a5kdhchf89a2ann38nfq-tree-2.2.1"
        },
        "x86_64-darwin": {
          "outputs": [
            {
              "name": "out",
              "path": "/nix/store/vshxign2vflkk5lc8bspzq95x6qpw695-tree-2.2.1",
              "default": true
            }
          ],
          "store_path": "/nix/store/vshxign2vflkk5lc8bspzq95x6qpw695-tree-2.2.1"
        },
        "x86_64-linux": {
          "outputs": [
            {
              "name": "out",
              "path": "/nix/store/y5cd5sjqznw419k4j836d144hy6sslxv-tree-2.2.1",
              "default": true
            }
          ],
          "store_path": "/nix/store/y5cd5sjqznw419k4j836d144hy6sslxv-tree-2.2.1"
        }
      }
    }
  }
}
