{
  "lockfile_version": "1",
  "packages": {
    "difftastic@latest": {
      "last_modified": "2026-02-23T15:40:43Z",
      "resolved": "github:NixOS/nixpkgs/80d901ec0377e19ac3f7bb8c035201e2e098cc97#difftastic",
      "source": "devbox-search",
      "version": "0.67.0",
      "systems": {
        "aarch64-darwin": {
          "outputs": [
            {
              "name": "out",
              "path": "/nix/store/ndn45zsh9mk86ls8r2lxd1cnxmsdnlxr-difftastic-0.67.0",
              "default": true
            }
          ],
          "store_path": "/nix/store/ndn45zsh9mk86ls8r2lxd1cnxmsdnlxr-difftastic-0.67.0"
        },
        "aarch64-linux": {
          "outputs": [
            {
              "name": "out",
              "path": "/nix/store/9w8cslrp9lw5rg44gzn0dhp8bg47hdk2-difftastic-0.67.0",
              "default": true
            }
          ],
          "store_path": "/nix/store/9w8cslrp9lw5rg44gzn0dhp8bg47hdk2-difftastic-0.67.0"
        },
        "x86_64-darwin": {
          "outputs": [
            {
              "name": "out",
              "path": "/nix/store/j3ymx6amgj84h7niv2xnji0rx3mjh7ak-difftastic-0.67.0",
              "default": true
            }
          ],
          "store_path": "/nix/store/j3ymx6amgj84h7niv2xnji0rx3mjh7ak-difftastic-0.67.0"
        },
        "x86_64-linux": {
          "outputs": [
            {
              "name": "out",
              "path": "/nix/store/pqkj5b7vc8k4v83bpjp1mk8p50kn40n8-difftastic-0.67.0",
              "default": true
            }
          ],
          "store_path": "/nix/store/pqkj5b7vc8k4v83bpjp1mk8p50kn40n8-difftastic-0.67.0"
        }
      }
    },
    "git@2.44.1": {
      "last_modified": "2024-05-22T06:18:38Z",
      "resolved": "github:NixOS/nixpkgs/3f316d2a50699a78afe5e77ca486ad553169061e#git",
      "source": "devbox-search",
      "version": "2.44.1",
      "systems": {
        "aarch64-darwin": {
          "outputs": [
            {
              "name": "out",
              "path": "/nix/store/1y3m89x5sl3bwag9lk4fdbqmswzjp9is-git-2.44.1",
              "default": true
            },
            {
              "name": "doc",
              "path": "/nix/store/hhwbgxadc1r7f2vf0f7mf4mlcy3xsxh9-git-2.44.1-doc"
            }
          ],
          "store_path": "/nix/store/1y3m89x5sl3bwag9lk4fdbqmswzjp9is-git-2.44.1"
        },
        "aarch64-linux": {
          "outputs": [
            {
              "name": "out",
              "path": "/nix/store/y6si9acv2p32jjyavs5arj8lwk7qq945-git-2.44.1",
              "default": true
            },
            {
              "name": "debug",
              "path": "/nix/store/vjgwf4vr6dqclvb503fqir13yiqp7bf6-git-2.44.1-debug"
            },
            {
              "name": "doc",
              "path": "/nix/store/1c5816l3n7dgbjkbf6fdlw0amq5rvazq-git-2.44.1-doc"
            }
          ],
          "store_path": "/nix/store/y6si9acv2p32jjyavs5arj8lwk7qq945-git-2.44.1"
        },
        "x86_64-darwin": {
          "outputs": [
            {
              "name": "out",
              "path": "/nix/store/rwkir7nma4hgyg8lydzjisbjgwr9a4xf-git-2.44.1",
              "default": true
            },
            {
              "name": "doc",
              "path": "/nix/store/y4l5l7k5syy0s3baznixgxbnmn8aiyxq-git-2.44.1-doc"
            }
          ],
          "store_path": "/nix/store/rwkir7nma4hgyg8lydzjisbjgwr9a4xf-git-2.44.1"
        },
        "x86_64-linux": {
          "outputs": [
            {
              "name": "out",
              "path": "/nix/store/jxjzgz1p0hdqsg8k17ivw5mgcd6ffx9c-git-2.44.1",
              "default": true
            },
            {
              "name": "debug",
              "path": "/nix/store/93xf345jmvrcz1wc3va981rp13rn4hyz-git-2.44.1-debug"
            },
            {
              "name": "doc",
              "path": "/nix/store/rvgnmd4cwvmy3v77ig977ix40d2mipri-git-2.44.1-doc"
            }
          ],
          "store_path": "/nix/store/jxjzgz1p0hdqsg8k17ivw5mgcd6ffx9c-git-2.44.1"
        }
      }
    },
    "github:NixOS/nixpkgs/nixpkgs-unstable": {
      "last_modified": "2026-03-18T13:30:56Z",
      "resolved": "github:NixOS/nixpkgs/9cf7092bdd603554bd8b63c216e8943cf9b12512?lastModified=1773840656&narHash=sha256-9tpvMGFteZnd3gRQZFlRCohVpqooygFuy9yjuyRL2C0%3D"
    },
    "graphite-cli@latest": {
      "last_modified": "2026-02-23T15:40:43Z",
      "resolved": "github:NixOS/nixpkgs/80d901ec0377e19ac3f7bb8c035201e2e098cc97#graphite-cli",
      "source": "devbox-search",
      "version": "1.7.18",
      "systems": {
        "aarch64-darwin": {
          "outputs": [
            {
              "name": "out",
              "path": "/nix/store/rfafwyhsyy1f2mb2d50b6hw7ybbgp1dg-graphite-cli-1.7.18",
              "default": true
            }
          ],
          "store_path": "/nix/store/rfafwyhsyy1f2mb2d50b6hw7ybbgp1dg-graphite-cli-1.7.18"
        },
        "aarch64-linux": {
          "outputs": [
            {
              "name": "out",
              "path": "/nix/store/p86c7afmp141vj7ka97fq6q93cy6g2gg-graphite-cli-1.7.18",
              "default": true
            }
          ],
          "store_path": "/nix/store/p86c7afmp141vj7ka97fq6q93cy6g2gg-graphite-cli-1.7.18"
        },
        "x86_64-darwin": {
          "outputs": [
            {
              "name": "out",
              "path": "/nix/store/pbxwy91nhd1ni57vjsd98ka53fprxb9y-graphite-cli-1.7.18",
              "default": true
            }
          ],
          "store_path": "/nix/store/pbxwy91nhd1ni57vjsd98ka53fprxb9y-graphite-cli-1.7.18"
        },
        "x86_64-linux": {
          "outputs": [
            {
              "name": "out",
              "path": "/nix/store/4yglw1kc22ydj2mwwsbhrazb8rviv4qs-graphite-cli-1.7.18",
              "default": true
            }
          ],
          "store_path": "/nix/store/4yglw1kc22ydj2mwwsbhrazb8rviv4qs-graphite-cli-1.7.18"
        }
      }
    },
    "mercurialFull@latest": {
      "last_modified": "2026-02-23T15:40:43Z",
      "resolved": "github:NixOS/nixpkgs/80d901ec0377e19ac3f7bb8c035201e2e098cc97#mercurialFull",
      "source": "devbox-search",
      "version": "7.1.2",
      "systems": {
        "aarch64-darwin": {
          "outputs": [
            {
              "name": "out",
              "path": "/nix/store/px3lxjrj1d4n1klp24dhqih98424w8a7-mercurial-full-7.1.2",
              "default": true
            }
          ],
          "store_path": "/nix/store/px3lxjrj1d4n1klp24dhqih98424w8a7-mercurial-full-7.1.2"
        },
        "aarch64-linux": {
          "outputs": [
            {
              "name": "out",
              "path": "/nix/store/1q6p5mkh69c6d5lnbdi6sv5frn2siwq4-mercurial-full-7.1.2",
              "default": true
            }
          ],
          "store_path": "/nix/store/1q6p5mkh69c6d5lnbdi6sv5frn2siwq4-mercurial-full-7.1.2"
        },
        "x86_64-darwin": {
          "outputs": [
            {
              "name": "out",
              "path": "/nix/store/cd5278vg737mc4lv06js42c6mdi6qbj4-mercurial-full-7.1.2",
              "default": true
            }
          ],
          "store_path": "/nix/store/cd5278vg737mc4lv06js42c6mdi6qbj4-mercurial-full-7.1.2"
        },
        "x86_64-linux": {
          "outputs": [
            {
              "name": "out",
              "path": "/nix/store/cy9jx423dyvhwb1f20azw6wxvzsm2ak2-mercurial-full-7.1.2",
              "default": true
            }
          ],
          "store_path": "/nix/store/cy9jx423dyvhwb1f20azw6wxvzsm2ak2-mercurial-full-7.1.2"
        }
      }
    },
    "nodejs@25.8.1": {
      "last_modified": "2026-03-12T22:11:02Z",
      "plugin_version": "0.0.2",
      "resolved": "github:NixOS/nixpkgs/24f4544180242cd80bb2492ce6907243bc716e08#nodejs_25",
      "source": "devbox-search",
      "version": "25.8.1",
      "systems": {
        "aarch64-darwin": {
          "outputs": [
            {
              "name": "out",
              "path": "/nix/store/9rryfcd5l2nc4hw9dwfw8bvvnkbj106c-nodejs-25.8.1",
              "default": true
            }
          ],
          "store_path": "/nix/store/9rryfcd5l2nc4hw9dwfw8bvvnkbj106c-nodejs-25.8.1"
        },
        "aarch64-linux": {
          "outputs": [
            {
              "name": "out",
              "path": "/nix/store/6707zhakn5wh0i1gyxva62pz1ygs9k2l-nodejs-25.8.1",
              "default": true
            }
          ],
          "store_path": "/nix/store/6707zhakn5wh0i1gyxva62pz1ygs9k2l-nodejs-25.8.1"
        },
        "x86_64-darwin": {
          "outputs": [
            {
              "name": "out",
              "path": "/nix/store/gcb4pwx3l7n7wgbfbjk988ih6f41wgx0-nodejs-25.8.1",
              "default": true
            }
          ],
          "store_path": "/nix/store/gcb4pwx3l7n7wgbfbjk988ih6f41wgx0-nodejs-25.8.1"
        },
        "x86_64-linux": {
          "outputs": [
            {
              "name": "out",
              "path": "/nix/store/43zji4rni42y01z3y2bv3f12c16h0ba6-nodejs-25.8.1",
              "default": true
            }
          ],
          "store_path": "/nix/store/43zji4rni42y01z3y2bv3f12c16h0ba6-nodejs-25.8.1"
        }
      }
    },
    "pnpm@10.32.1": {
      "last_modified": "2026-03-21T07:29:51Z",
      "resolved": "github:NixOS/nixpkgs/09061f748ee21f68a089cd5d91ec1859cd93d0be#pnpm",
      "source": "devbox-search",
      "version": "10.32.1",
      "systems": {
        "aarch64-darwin": {
          "outputs": [
            {
              "name": "out",
              "path": "/nix/store/54ghj84qm4xznivin5ckmdxrnw8zglqg-pnpm-10.32.1",
              "default": true
            }
          ],
          "store_path": "/nix/store/54ghj84qm4xznivin5ckmdxrnw8zglqg-pnpm-10.32.1"
        },
        "aarch64-linux": {
          "outputs": [
            {
              "name": "out",
              "path": "/nix/store/q5n5psmq8qg8b2snqr4k1hcl1q1j1h62-pnpm-10.32.1",
              "default": true
            }
          ],
          "store_path": "/nix/store/q5n5psmq8qg8b2snqr4k1hcl1q1j1h62-pnpm-10.32.1"
        },
        "x86_64-darwin": {
          "outputs": [
            {
              "name": "out",
              "path": "/nix/store/453x94wa4h63g2if7a5dmdp6q9n9j0wc-pnpm-10.32.1",
              "default": true
            }
          ],
          "store_path": "/nix/store/453x94wa4h63g2if7a5dmdp6q9n9j0wc-pnpm-10.32.1"
        },
        "x86_64-linux": {
          "outputs": [
            {
              "name": "out",
              "path": "/nix/store/q845mzglbbmqy7i5mlkhy4yvbw7l1j7g-pnpm-10.32.1",
              "default": true
            }
          ],
          "store_path": "/nix/store/q845mzglbbmqy7i5mlkhy4yvbw7l1j7g-pnpm-10.32.1"
        }
      }
    },
    "sapling@latest": {
      "last_modified": "2026-03-07T23:46:50Z",
      "resolved": "github:NixOS/nixpkgs/0e6cdd5be64608ef630c2e41f8d51d484468492f#sapling",
      "source": "devbox-search",
      "version": "0.2.20250521-115337+25ed6ac4",
      "systems": {
        "aarch64-darwin": {
          "outputs": [
            {
              "name": "out",
              "path": "/nix/store/1l0psp68hzj8d93y2633blf6czr7qdwv-sapling-0.2.20250521-115337+25ed6ac4",
              "default": true
            },
            {
              "name": "dist",
              "path": "/nix/store/zzjl6hw17mjavw412ccxkm65ffh2ql8w-sapling-0.2.20250521-115337+25ed6ac4-dist"
            }
          ],
          "store_path": "/nix/store/1l0psp68hzj8d93y2633blf6czr7qdwv-sapling-0.2.20250521-115337+25ed6ac4"
        },
        "aarch64-linux": {
          "outputs": [
            {
              "name": "out",
              "path": "/nix/store/yaq20958i5q206kaadkgldbnslq3iba7-sapling-0.2.20250521-115337+25ed6ac4",
              "default": true
            },
            {
              "name": "dist",
              "path": "/nix/store/w7d999gs3r8nnk2qb5i52vnx1craqrrg-sapling-0.2.20250521-115337+25ed6ac4-dist"
            }
          ],
          "store_path": "/nix/store/yaq20958i5q206kaadkgldbnslq3iba7-sapling-0.2.20250521-115337+25ed6ac4"
        },
        "x86_64-darwin": {
          "outputs": [
            {
              "name": "out",
              "path": "/nix/store/alqvh6xn412ymbqvg4xczb06y3ah283f-sapling-0.2.20250521-115337+25ed6ac4",
              "default": true
            },
            {
              "name": "dist",
              "path": "/nix/store/5krzhxczqryrx9dh9pz8qbfha3y1z0gf-sapling-0.2.20250521-115337+25ed6ac4-dist"
            }
          ],
          "store_path": "/nix/store/alqvh6xn412ymbqvg4xczb06y3ah283f-sapling-0.2.20250521-115337+25ed6ac4"
        },
        "x86_64-linux": {
          "outputs": [
            {
              "name": "out",
              "path": "/nix/store/5xzlkpvfhiq1bi2f2ymql8vkybcyhq7v-sapling-0.2.20250521-115337+25ed6ac4",
              "default": true
            },
            {
              "name": "dist",
              "path": "/nix/store/5jn8xdjjgfmwiwkm5qxi85hbfq0f9cc1-sapling-0.2.20250521-115337+25ed6ac4-dist"
            }
          ],
          "store_path": "/nix/store/5xzlkpvfhiq1bi2f2ymql8vkybcyhq7v-sapling-0.2.20250521-115337+25ed6ac4"
        }
      }
    },
    "subversion@latest": {
      "last_modified": "2026-02-23T15:40:43Z",
      "resolved": "github:NixOS/nixpkgs/80d901ec0377e19ac3f7bb8c035201e2e098cc97#subversion",
      "source": "devbox-search",
      "version": "1.14.5",
      "systems": {
        "aarch64-darwin": {
          "outputs": [
            {
              "name": "out",
              "path": "/nix/store/0w0vbc4d77lb4440l1ni3vy1gkwsdm0f-subversion-1.14.5",
              "default": true
            },
            {
              "name": "man",
              "path": "/nix/store/7j2aaqhps371qgha16455lapbrv7n9rf-subversion-1.14.5-man",
              "default": true
            },
            {
              "name": "dev",
              "path": "/nix/store/1z0rqh7ggqwlrjbkb1mamay44k22ww1i-subversion-1.14.5-dev"
            }
          ],
          "store_path": "/nix/store/0w0vbc4d77lb4440l1ni3vy1gkwsdm0f-subversion-1.14.5"
        },
        "aarch64-linux": {
          "outputs": [
            {
              "name": "out",
              "path": "/nix/store/q2ln0czi31bikdli1fgzz3rnnhdqsg78-subversion-1.14.5",
              "default": true
            },
            {
              "name": "man",
              "path": "/nix/store/yy1hlxnjgjcf3jrkid3j3cj3cailfrjv-subversion-1.14.5-man",
              "default": true
            },
            {
              "name": "dev",
              "path": "/nix/store/xqmkqfg4w7rp5fwbk082dinai4sbx2na-subversion-1.14.5-dev"
            }
          ],
          "store_path": "/nix/store/q2ln0czi31bikdli1fgzz3rnnhdqsg78-subversion-1.14.5"
        },
        "x86_64-darwin": {
          "outputs": [
            {
              "name": "out",
              "path": "/nix/store/z1vgzhhvml4mm9mx0qkqbkz4h9y0q008-subversion-1.14.5",
              "default": true
            },
            {
              "name": "man",
              "path": "/nix/store/anrw0r3y28a3s6kyjzgm5zcpdfjj73zw-subversion-1.14.5-man",
              "default": true
            },
            {
              "name": "dev",
              "path": "/nix/store/x2j0rivwmrh6dnk36qi9fyh9kgs18imv-subversion-1.14.5-dev"
            }
          ],
          "store_path": "/nix/store/z1vgzhhvml4mm9mx0qkqbkz4h9y0q008-subversion-1.14.5"
        },
        "x86_64-linux": {
          "outputs": [
            {
              "name": "out",
              "path": "/nix/store/p16rg8ybrpz9ndczkf6sl5bq7a4gi8pf-subversion-1.14.5",
              "default": true
            },
            {
              "name": "man",
              "path": "/nix/store/ib331qskjb67579kq6s0iqyc6798hdzw-subversion-1.14.5-man",
              "default": true
            },
            {
              "name": "dev",
              "path": "/nix/store/45nb36kfmfw91014nd8alds94mvi2cij-subversion-1.14.5-dev"
            }
          ],
          "store_path": "/nix/store/p16rg8ybrpz9ndczkf6sl5bq7a4gi8pf-subversion-1.14.5"
        }
      }
    },
    "tree@latest": {
      "last_modified": "2026-03-02T11:03:52Z",
      "resolved": "github:NixOS/nixpkgs/dc7513872406b53d2ff417a003895d6daffdff2f#tree",
      "source": "devbox-search",
      "version": "2.3.1",
      "systems": {
        "aarch64-darwin": {
          "outputs": [
            {
              "name": "out",
              "path": "/nix/store/pld2a8433i0scy34w5z0kzq03c1k2vd5-tree-2.3.1",
              "default": true
            },
            {
              "name": "man",
              "path": "/nix/store/g4a0yi12db25qk4qc4skbh1zdgzw2giz-tree-2.3.1-man",
              "default": true
            }
          ],
          "store_path": "/nix/store/pld2a8433i0scy34w5z0kzq03c1k2vd5-tree-2.3.1"
        },
        "aarch64-linux": {
          "outputs": [
            {
              "name": "out",
              "path": "/nix/store/h2gw9bi265digca783r0za54l1lfp9y9-tree-2.3.1",
              "default": true
            },
            {
              "name": "man",
              "path": "/nix/store/5i2dqj5zqgpq3fa1s3d8s9svc36k0n55-tree-2.3.1-man",
              "default": true
            }
          ],
          "store_path": "/nix/store/h2gw9bi265digca783r0za54l1lfp9y9-tree-2.3.1"
        },
        "x86_64-darwin": {
          "outputs": [
            {
              "name": "out",
              "path": "/nix/store/dpp2sj821ni5n54dgi6nmx1vl3s6mv5d-tree-2.3.1",
              "default": true
            },
            {
              "name": "man",
              "path": "/nix/store/p7mna77iwbijc912mjs5b2pm7hmlmx2i-tree-2.3.1-man",
              "default": true
            }
          ],
          "store_path": "/nix/store/dpp2sj821ni5n54dgi6nmx1vl3s6mv5d-tree-2.3.1"
        },
        "x86_64-linux": {
          "outputs": [
            {
              "name": "out",
              "path": "/nix/store/8c37d86raj3v3djfhbj87s42w30frswv-tree-2.3.1",
              "default": true
            },
            {
              "name": "man",
              "path": "/nix/store/1yqkw24qfb9c8r9y8bjs52qc0ra6574w-tree-2.3.1-man",
              "default": true
            }
          ],
          "store_path": "/nix/store/8c37d86raj3v3djfhbj87s42w30frswv-tree-2.3.1"
        }
      }
    }
  }
}
